PODS:
  - AudioKit (4.8.b1):
    - AudioKit/Core (= 4.8.b1)
    - AudioKit/UI (= 4.8.b1)
  - AudioKit/Core (4.8.b1)
  - AudioKit/UI (4.8.b1):
    - AudioKit/Core

DEPENDENCIES:
  - AudioKit (= 4.8.b1)

SPEC REPOS:
  https://github.com/AudioKit/Specs.git:
    - AudioKit

SPEC CHECKSUMS:
  AudioKit: 003898460c05ff7bb75bce0664e01af7d004e4d2

PODFILE CHECKSUM: a7ca9cfde15deae8e699d1ffb47a3c9da3e879cb

COCOAPODS: 1.7.1
